
Microsoft Visual Studio Solution File, Format Version 12.00
# Visual Studio Version 17
VisualStudioVersion = 17.11.35327.3
MinimumVisualStudioVersion = 10.0.40219.1
Project("{FAE04EC0-301F-11D3-BF4B-00C04F79EFBC}") = "Algh_DS-9", "Algh_DS-9.csproj", "{978BBD38-31D2-4C4A-ADA9-2DB6ECBDDFC8}"
EndProject
Global
	GlobalSection(SolutionConfigurationPlatforms) = preSolution
		Debug|Any CPU = Debug|Any CPU
		Release|Any CPU = Release|Any CPU
	EndGlobalSection
	GlobalSection(ProjectConfigurationPlatforms) = postSolution
		{978BBD38-31D2-4C4A-ADA9-2DB6ECBDDFC8}.Debug|Any CPU.ActiveCfg = Debug|Any CPU
		{978BBD38-31D2-4C4A-ADA9-2DB6ECBDDFC8}.Debug|Any CPU.Build.0 = Debug|Any CPU
		{978BBD38-31D2-4C4A-ADA9-2DB6ECBDDFC8}.Release|Any CPU.ActiveCfg = Release|Any CPU
		{978BBD38-31D2-4C4A-ADA9-2DB6ECBDDFC8}.Release|Any CPU.Build.0 = Release|Any CPU
	EndGlobalSection
	GlobalSection(SolutionProperties) = preSolution
		HideSolutionNode = FALSE
	EndGlobalSection
	GlobalSection(ExtensibilityGlobals) = postSolution
		SolutionGuid = {E4F4C35C-A727-46E3-B2A2-DC637FBF132D}
	EndGlobalSection
EndGlobal
